Microsoft Visual Studio Solution File, Format Version 11.00
# Visual Studio 2008

Project("{6899BEE8-7CC7-BF23-7960-5703AC0ABD9A}") = "Game Source IOS", "Assembly-CSharp-firstpass-vs.csproj", "{B7AFC1FB-EE82-6EB9-1075-1E191DAAF8AE}"
EndProject
Project("{6899BEE8-7CC7-BF23-7960-5703AC0ABD9A}") = "Game Source IOS", "Assembly-CSharp-vs.csproj", "{83A16CFC-8460-D27B-16F3-FBAC5CC05E6E}"
EndProject
Project("{6899BEE8-7CC7-BF23-7960-5703AC0ABD9A}") = "Game Source IOS", "Assembly-CSharp-Editor-firstpass-vs.csproj", "{DEC6BFD0-F96D-B96B-8471-6EE2A66E5FF6}"
EndProject
Project("{6899BEE8-7CC7-BF23-7960-5703AC0ABD9A}") = "Game Source IOS", "Assembly-CSharp-Editor-vs.csproj", "{30578E6D-E657-8E4F-EF84-32C5334AEFA2}"
EndProject
Global
	GlobalSection(SolutionConfigurationPlatforms) = preSolution
		Debug|Any CPU = Debug|Any CPU
		Release|Any CPU = Release|Any CPU
	EndGlobalSection
	GlobalSection(ProjectConfigurationPlatforms) = postSolution
		{B7AFC1FB-EE82-6EB9-1075-1E191DAAF8AE}.Debug|Any CPU.ActiveCfg = Debug|Any CPU
		{B7AFC1FB-EE82-6EB9-1075-1E191DAAF8AE}.Debug|Any CPU.Build.0 = Debug|Any CPU
		{B7AFC1FB-EE82-6EB9-1075-1E191DAAF8AE}.Release|Any CPU.ActiveCfg = Release|Any CPU
		{B7AFC1FB-EE82-6EB9-1075-1E191DAAF8AE}.Release|Any CPU.Build.0 = Release|Any CPU
		{83A16CFC-8460-D27B-16F3-FBAC5CC05E6E}.Debug|Any CPU.ActiveCfg = Debug|Any CPU
		{83A16CFC-8460-D27B-16F3-FBAC5CC05E6E}.Debug|Any CPU.Build.0 = Debug|Any CPU
		{83A16CFC-8460-D27B-16F3-FBAC5CC05E6E}.Release|Any CPU.ActiveCfg = Release|Any CPU
		{83A16CFC-8460-D27B-16F3-FBAC5CC05E6E}.Release|Any CPU.Build.0 = Release|Any CPU
		{DEC6BFD0-F96D-B96B-8471-6EE2A66E5FF6}.Debug|Any CPU.ActiveCfg = Debug|Any CPU
		{DEC6BFD0-F96D-B96B-8471-6EE2A66E5FF6}.Debug|Any CPU.Build.0 = Debug|Any CPU
		{DEC6BFD0-F96D-B96B-8471-6EE2A66E5FF6}.Release|Any CPU.ActiveCfg = Release|Any CPU
		{DEC6BFD0-F96D-B96B-8471-6EE2A66E5FF6}.Release|Any CPU.Build.0 = Release|Any CPU
		{30578E6D-E657-8E4F-EF84-32C5334AEFA2}.Debug|Any CPU.ActiveCfg = Debug|Any CPU
		{30578E6D-E657-8E4F-EF84-32C5334AEFA2}.Debug|Any CPU.Build.0 = Debug|Any CPU
		{30578E6D-E657-8E4F-EF84-32C5334AEFA2}.Release|Any CPU.ActiveCfg = Release|Any CPU
		{30578E6D-E657-8E4F-EF84-32C5334AEFA2}.Release|Any CPU.Build.0 = Release|Any CPU
	EndGlobalSection
	GlobalSection(SolutionProperties) = preSolution
		HideSolutionNode = FALSE
	EndGlobalSection
																																																																											GlobalSection(MonoDevelopProperties) = preSolution
		StartupItem = Assembly-CSharp.csproj
		Policies = $0
		$0.TextStylePolicy = $1
		$1.inheritsSet = null
		$1.scope = text/x-csharp
		$0.CSharpFormattingPolicy = $2
		$2.inheritsSet = Mono
		$2.inheritsScope = text/x-csharp
		$2.scope = text/x-csharp
		$0.TextStylePolicy = $3
		$3.FileWidth = 120
		$3.TabWidth = 4
		$3.EolMarker = Unix
		$3.inheritsSet = Mono
		$3.inheritsScope = text/plain
		$3.scope = text/plain
	EndGlobalSection

EndGlobal
